
Microsoft Visual Studio Solution File, Format Version 12.00
# Visual Studio Version 17
VisualStudioVersion = 17.4.33205.214
MinimumVisualStudioVersion = 10.0.40219.1
Project("{FAE04EC0-301F-11D3-BF4B-00C04F79EFBC}") = "FFAdmin", "FFAdmin.csproj", "{B2DC53C2-AD85-4BC5-867F-1FDE5F24AB1B}"
EndProject
Global
	GlobalSection(SolutionConfigurationPlatforms) = preSolution
		Debug|Any CPU = Debug|Any CPU
		Release|Any CPU = Release|Any CPU
	EndGlobalSection
	GlobalSection(ProjectConfigurationPlatforms) = postSolution
		{B2DC53C2-AD85-4BC5-867F-1FDE5F24AB1B}.Debug|Any CPU.ActiveCfg = Debug|Any CPU
		{B2DC53C2-AD85-4BC5-867F-1FDE5F24AB1B}.Debug|Any CPU.Build.0 = Debug|Any CPU
		{B2DC53C2-AD85-4BC5-867F-1FDE5F24AB1B}.Release|Any CPU.ActiveCfg = Release|Any CPU
		{B2DC53C2-AD85-4BC5-867F-1FDE5F24AB1B}.Release|Any CPU.Build.0 = Release|Any CPU
	EndGlobalSection
	GlobalSection(SolutionProperties) = preSolution
		HideSolutionNode = FALSE
	EndGlobalSection
	GlobalSection(ExtensibilityGlobals) = postSolution
		SolutionGuid = {8383A242-8A9D-4616-B026-F2BC015D8951}
	EndGlobalSection
EndGlobal
